{
  "name": "error-if-not-integer",
  "version": "2.0.1",
  "lockfileVersion": 1,
  "requires": true,
  "dependencies": {
    "@writetome51/is-integer-is-float": {
      "version": "2.0.1",
      "resolved": "https://registry.npmjs.org/@writetome51/is-integer-is-float/-/is-integer-is-float-2.0.1.tgz",
      "integrity": "sha512-RfO1UDw/ROcwpx0pjGpWfRUOL+9UFz2nV+WSilWzznSZsKJzN7xPlLSH0JiTdhlUNG74CSg2pxpshFMpaEogxg=="
    }
  }
}
